// !$*UTF8*$!
{
	archiveVersion = 1;
	classes = {
	};
	objectVersion = 56;
	objects = {

/* Begin PBXBuildFile section */
		D43AE3542CD19A3B00FE2A31 /* DatabaseManager.swift in Sources */ = {isa = PBXBuildFile; fileRef = D43AE33D2CD19A3B00FE2A31 /* DatabaseManager.swift */; };
		D43AE3552CD19A3B00FE2A31 /* FactoryManager.swift in Sources */ = {isa = PBXBuildFile; fileRef = D43AE33E2CD19A3B00FE2A31 /* FactoryManager.swift */; };
		D43AE3562CD19A3B00FE2A31 /* Currency.swift in Sources */ = {isa = PBXBuildFile; fileRef = D43AE3402CD19A3B00FE2A31 /* Currency.swift */; };
		D43AE3572CD19A3B00FE2A31 /* Month.swift in Sources */ = {isa = PBXBuildFile; fileRef = D43AE3412CD19A3B00FE2A31 /* Month.swift */; };
		D43AE3582CD19A3B00FE2A31 /* CategoryModel.swift in Sources */ = {isa = PBXBuildFile; fileRef = D43AE3432CD19A3B00FE2A31 /* CategoryModel.swift */; };
		D43AE3592CD19A3B00FE2A31 /* ExpenseModel.swift in Sources */ = {isa = PBXBuildFile; fileRef = D43AE3442CD19A3B00FE2A31 /* ExpenseModel.swift */; };
		D43AE35A2CD19A3B00FE2A31 /* MonthlyExpenseModel.swift in Sources */ = {isa = PBXBuildFile; fileRef = D43AE3452CD19A3B00FE2A31 /* MonthlyExpenseModel.swift */; };
		D43AE35B2CD19A3B00FE2A31 /* TypeModel.swift in Sources */ = {isa = PBXBuildFile; fileRef = D43AE3462CD19A3B00FE2A31 /* TypeModel.swift */; };
		D43AE35C2CD19A3B00FE2A31 /* Preview Assets.xcassets in Resources */ = {isa = PBXBuildFile; fileRef = D43AE3482CD19A3B00FE2A31 /* Preview Assets.xcassets */; };
		D43AE35D2CD19A3B00FE2A31 /* ExpensesViewModel.swift in Sources */ = {isa = PBXBuildFile; fileRef = D43AE34C2CD19A3B00FE2A31 /* ExpensesViewModel.swift */; };
		D43AE35E2CD19A3B00FE2A31 /* ExpensesScene.swift in Sources */ = {isa = PBXBuildFile; fileRef = D43AE34E2CD19A3B00FE2A31 /* ExpensesScene.swift */; };
		D43AE35F2CD19A3B00FE2A31 /* Assets.xcassets in Resources */ = {isa = PBXBuildFile; fileRef = D43AE3502CD19A3B00FE2A31 /* Assets.xcassets */; };
		D43AE3602CD19A3B00FE2A31 /* CalexApp.swift in Sources */ = {isa = PBXBuildFile; fileRef = D43AE3512CD19A3B00FE2A31 /* CalexApp.swift */; };
		D43AE3612CD19A3B00FE2A31 /* Item.swift in Sources */ = {isa = PBXBuildFile; fileRef = D43AE3522CD19A3B00FE2A31 /* Item.swift */; };
/* End PBXBuildFile section */

/* Begin PBXFileReference section */
		D43AE30D2CCE3BE500FE2A31 /* Calex.app */ = {isa = PBXFileReference; explicitFileType = wrapper.application; includeInIndex = 0; path = Calex.app; sourceTree = BUILT_PRODUCTS_DIR; };
		D43AE33D2CD19A3B00FE2A31 /* DatabaseManager.swift */ = {isa = PBXFileReference; fileEncoding = 4; lastKnownFileType = sourcecode.swift; path = DatabaseManager.swift; sourceTree = "<group>"; };
		D43AE33E2CD19A3B00FE2A31 /* FactoryManager.swift */ = {isa = PBXFileReference; fileEncoding = 4; lastKnownFileType = sourcecode.swift; path = FactoryManager.swift; sourceTree = "<group>"; };
		D43AE3402CD19A3B00FE2A31 /* Currency.swift */ = {isa = PBXFileReference; fileEncoding = 4; lastKnownFileType = sourcecode.swift; path = Currency.swift; sourceTree = "<group>"; };
		D43AE3412CD19A3B00FE2A31 /* Month.swift */ = {isa = PBXFileReference; fileEncoding = 4; lastKnownFileType = sourcecode.swift; path = Month.swift; sourceTree = "<group>"; };
		D43AE3432CD19A3B00FE2A31 /* CategoryModel.swift */ = {isa = PBXFileReference; fileEncoding = 4; lastKnownFileType = sourcecode.swift; path = CategoryModel.swift; sourceTree = "<group>"; };
		D43AE3442CD19A3B00FE2A31 /* ExpenseModel.swift */ = {isa = PBXFileReference; fileEncoding = 4; lastKnownFileType = sourcecode.swift; path = ExpenseModel.swift; sourceTree = "<group>"; };
		D43AE3452CD19A3B00FE2A31 /* MonthlyExpenseModel.swift */ = {isa = PBXFileReference; fileEncoding = 4; lastKnownFileType = sourcecode.swift; path = MonthlyExpenseModel.swift; sourceTree = "<group>"; };
		D43AE3462CD19A3B00FE2A31 /* TypeModel.swift */ = {isa = PBXFileReference; fileEncoding = 4; lastKnownFileType = sourcecode.swift; path = TypeModel.swift; sourceTree = "<group>"; };
		D43AE3482CD19A3B00FE2A31 /* Preview Assets.xcassets */ = {isa = PBXFileReference; lastKnownFileType = folder.assetcatalog; path = "Preview Assets.xcassets"; sourceTree = "<group>"; };
		D43AE34C2CD19A3B00FE2A31 /* ExpensesViewModel.swift */ = {isa = PBXFileReference; fileEncoding = 4; lastKnownFileType = sourcecode.swift; path = ExpensesViewModel.swift; sourceTree = "<group>"; };
		D43AE34E2CD19A3B00FE2A31 /* ExpensesScene.swift */ = {isa = PBXFileReference; fileEncoding = 4; lastKnownFileType = sourcecode.swift; path = ExpensesScene.swift; sourceTree = "<group>"; };
		D43AE3502CD19A3B00FE2A31 /* Assets.xcassets */ = {isa = PBXFileReference; lastKnownFileType = folder.assetcatalog; path = Assets.xcassets; sourceTree = "<group>"; };
		D43AE3512CD19A3B00FE2A31 /* CalexApp.swift */ = {isa = PBXFileReference; fileEncoding = 4; lastKnownFileType = sourcecode.swift; path = CalexApp.swift; sourceTree = "<group>"; };
		D43AE3522CD19A3B00FE2A31 /* Item.swift */ = {isa = PBXFileReference; fileEncoding = 4; lastKnownFileType = sourcecode.swift; path = Item.swift; sourceTree = "<group>"; };
/* End PBXFileReference section */

/* Begin PBXFrameworksBuildPhase section */
		D43AE30A2CCE3BE500FE2A31 /* Frameworks */ = {
			isa = PBXFrameworksBuildPhase;
			buildActionMask = 2147483647;
			files = (
			);
			runOnlyForDeploymentPostprocessing = 0;
		};
/* End PBXFrameworksBuildPhase section */

/* Begin PBXGroup section */
		D43AE3042CCE3BE500FE2A31 = {
			isa = PBXGroup;
			children = (
				D43AE3532CD19A3B00FE2A31 /* Calex */,
				D43AE30E2CCE3BE500FE2A31 /* Products */,
			);
			sourceTree = "<group>";
		};
		D43AE30E2CCE3BE500FE2A31 /* Products */ = {
			isa = PBXGroup;
			children = (
				D43AE30D2CCE3BE500FE2A31 /* Calex.app */,
			);
			name = Products;
			sourceTree = "<group>";
		};
		D43AE33C2CD19A3B00FE2A31 /* Extensions */ = {
			isa = PBXGroup;
			children = (
			);
			path = Extensions;
			sourceTree = "<group>";
		};
		D43AE33F2CD19A3B00FE2A31 /* Managers */ = {
			isa = PBXGroup;
			children = (
				D43AE33D2CD19A3B00FE2A31 /* DatabaseManager.swift */,
				D43AE33E2CD19A3B00FE2A31 /* FactoryManager.swift */,
			);
			path = Managers;
			sourceTree = "<group>";
		};
		D43AE3422CD19A3B00FE2A31 /* Enums */ = {
			isa = PBXGroup;
			children = (
				D43AE3402CD19A3B00FE2A31 /* Currency.swift */,
				D43AE3412CD19A3B00FE2A31 /* Month.swift */,
			);
			path = Enums;
			sourceTree = "<group>";
		};
		D43AE3472CD19A3B00FE2A31 /* Models */ = {
			isa = PBXGroup;
			children = (
				D43AE3422CD19A3B00FE2A31 /* Enums */,
				D43AE3432CD19A3B00FE2A31 /* CategoryModel.swift */,
				D43AE3442CD19A3B00FE2A31 /* ExpenseModel.swift */,
				D43AE3452CD19A3B00FE2A31 /* MonthlyExpenseModel.swift */,
				D43AE3462CD19A3B00FE2A31 /* TypeModel.swift */,
			);
			path = Models;
			sourceTree = "<group>";
		};
		D43AE3492CD19A3B00FE2A31 /* Preview Content */ = {
			isa = PBXGroup;
			children = (
				D43AE34E2CD19A3B00FE2A31 /* ExpensesScene.swift */,
				D43AE3482CD19A3B00FE2A31 /* Preview Assets.xcassets */,
			);
			path = "Preview Content";
			sourceTree = "<group>";
		};
		D43AE34A2CD19A3B00FE2A31 /* Scens */ = {
			isa = PBXGroup;
			children = (
			);
			path = Scens;
			sourceTree = "<group>";
		};
		D43AE34B2CD19A3B00FE2A31 /* Services */ = {
			isa = PBXGroup;
			children = (
			);
			path = Services;
			sourceTree = "<group>";
		};
		D43AE34D2CD19A3B00FE2A31 /* ViewModels */ = {
			isa = PBXGroup;
			children = (
				D43AE34C2CD19A3B00FE2A31 /* ExpensesViewModel.swift */,
			);
			path = ViewModels;
			sourceTree = "<group>";
		};
		D43AE34F2CD19A3B00FE2A31 /* Views */ = {
			isa = PBXGroup;
			children = (
			);
			path = Views;
			sourceTree = "<group>";
		};
		D43AE3532CD19A3B00FE2A31 /* Calex */ = {
			isa = PBXGroup;
			children = (
				D43AE33C2CD19A3B00FE2A31 /* Extensions */,
				D43AE33F2CD19A3B00FE2A31 /* Managers */,
				D43AE3472CD19A3B00FE2A31 /* Models */,
				D43AE3492CD19A3B00FE2A31 /* Preview Content */,
				D43AE34A2CD19A3B00FE2A31 /* Scens */,
				D43AE34B2CD19A3B00FE2A31 /* Services */,
				D43AE34D2CD19A3B00FE2A31 /* ViewModels */,
				D43AE34F2CD19A3B00FE2A31 /* Views */,
				D43AE3502CD19A3B00FE2A31 /* Assets.xcassets */,
				D43AE3512CD19A3B00FE2A31 /* CalexApp.swift */,
				D43AE3522CD19A3B00FE2A31 /* Item.swift */,
			);
			path = Calex;
			sourceTree = "<group>";
		};
/* End PBXGroup section */

/* Begin PBXNativeTarget section */
		D43AE30C2CCE3BE500FE2A31 /* Calex */ = {
			isa = PBXNativeTarget;
			buildConfigurationList = D43AE31D2CCE3BE800FE2A31 /* Build configuration list for PBXNativeTarget "Calex" */;
			buildPhases = (
				D43AE3092CCE3BE500FE2A31 /* Sources */,
				D43AE30A2CCE3BE500FE2A31 /* Frameworks */,
				D43AE30B2CCE3BE500FE2A31 /* Resources */,
			);
			buildRules = (
			);
			dependencies = (
			);
			name = Calex;
			productName = Ecalp;
			productReference = D43AE30D2CCE3BE500FE2A31 /* Calex.app */;
			productType = "com.apple.product-type.application";
		};
/* End PBXNativeTarget section */

/* Begin PBXProject section */
		D43AE3052CCE3BE500FE2A31 /* Project object */ = {
			isa = PBXProject;
			attributes = {
				BuildIndependentTargetsInParallel = 1;
				LastSwiftUpdateCheck = 1540;
				LastUpgradeCheck = 1540;
				TargetAttributes = {
					D43AE30C2CCE3BE500FE2A31 = {
						CreatedOnToolsVersion = 15.4;
					};
				};
			};
			buildConfigurationList = D43AE3082CCE3BE500FE2A31 /* Build configuration list for PBXProject "Calex" */;
			compatibilityVersion = "Xcode 14.0";
			developmentRegion = en;
			hasScannedForEncodings = 0;
			knownRegions = (
				en,
				Base,
			);
			mainGroup = D43AE3042CCE3BE500FE2A31;
			productRefGroup = D43AE30E2CCE3BE500FE2A31 /* Products */;
			projectDirPath = "";
			projectRoot = "";
			targets = (
				D43AE30C2CCE3BE500FE2A31 /* Calex */,
			);
		};
/* End PBXProject section */

/* Begin PBXResourcesBuildPhase section */
		D43AE30B2CCE3BE500FE2A31 /* Resources */ = {
			isa = PBXResourcesBuildPhase;
			buildActionMask = 2147483647;
			files = (
				D43AE35F2CD19A3B00FE2A31 /* Assets.xcassets in Resources */,
				D43AE35C2CD19A3B00FE2A31 /* Preview Assets.xcassets in Resources */,
			);
			runOnlyForDeploymentPostprocessing = 0;
		};
/* End PBXResourcesBuildPhase section */

/* Begin PBXSourcesBuildPhase section */
		D43AE3092CCE3BE500FE2A31 /* Sources */ = {
			isa = PBXSourcesBuildPhase;
			buildActionMask = 2147483647;
			files = (
				D43AE3602CD19A3B00FE2A31 /* CalexApp.swift in Sources */,
				D43AE3592CD19A3B00FE2A31 /* ExpenseModel.swift in Sources */,
				D43AE35A2CD19A3B00FE2A31 /* MonthlyExpenseModel.swift in Sources */,
				D43AE3572CD19A3B00FE2A31 /* Month.swift in Sources */,
				D43AE3612CD19A3B00FE2A31 /* Item.swift in Sources */,
				D43AE3562CD19A3B00FE2A31 /* Currency.swift in Sources */,
				D43AE3552CD19A3B00FE2A31 /* FactoryManager.swift in Sources */,
				D43AE35B2CD19A3B00FE2A31 /* TypeModel.swift in Sources */,
				D43AE3582CD19A3B00FE2A31 /* CategoryModel.swift in Sources */,
				D43AE3542CD19A3B00FE2A31 /* DatabaseManager.swift in Sources */,
				D43AE35D2CD19A3B00FE2A31 /* ExpensesViewModel.swift in Sources */,
				D43AE35E2CD19A3B00FE2A31 /* ExpensesScene.swift in Sources */,
			);
			runOnlyForDeploymentPostprocessing = 0;
		};
/* End PBXSourcesBuildPhase section */

/* Begin XCBuildConfiguration section */
		D43AE31B2CCE3BE800FE2A31 /* Debug */ = {
			isa = XCBuildConfiguration;
			buildSettings = {
				ALWAYS_SEARCH_USER_PATHS = NO;
				ASSETCATALOG_COMPILER_GENERATE_SWIFT_ASSET_SYMBOL_EXTENSIONS = YES;
				CLANG_ANALYZER_NONNULL = YES;
				CLANG_ANALYZER_NUMBER_OBJECT_CONVERSION = YES_AGGRESSIVE;
				CLANG_CXX_LANGUAGE_STANDARD = "gnu++20";
				CLANG_ENABLE_MODULES = YES;
				CLANG_ENABLE_OBJC_ARC = YES;
				CLANG_ENABLE_OBJC_WEAK = YES;
				CLANG_WARN_BLOCK_CAPTURE_AUTORELEASING = YES;
				CLANG_WARN_BOOL_CONVERSION = YES;
				CLANG_WARN_COMMA = YES;
				CLANG_WARN_CONSTANT_CONVERSION = YES;
				CLANG_WARN_DEPRECATED_OBJC_IMPLEMENTATIONS = YES;
				CLANG_WARN_DIRECT_OBJC_ISA_USAGE = YES_ERROR;
				CLANG_WARN_DOCUMENTATION_COMMENTS = YES;
				CLANG_WARN_EMPTY_BODY = YES;
				CLANG_WARN_ENUM_CONVERSION = YES;
				CLANG_WARN_INFINITE_RECURSION = YES;
				CLANG_WARN_INT_CONVERSION = YES;
				CLANG_WARN_NON_LITERAL_NULL_CONVERSION = YES;
				CLANG_WARN_OBJC_IMPLICIT_RETAIN_SELF = YES;
				CLANG_WARN_OBJC_LITERAL_CONVERSION = YES;
				CLANG_WARN_OBJC_ROOT_CLASS = YES_ERROR;
				CLANG_WARN_QUOTED_INCLUDE_IN_FRAMEWORK_HEADER = YES;
				CLANG_WARN_RANGE_LOOP_ANALYSIS = YES;
				CLANG_WARN_STRICT_PROTOTYPES = YES;
				CLANG_WARN_SUSPICIOUS_MOVE = YES;
				CLANG_WARN_UNGUARDED_AVAILABILITY = YES_AGGRESSIVE;
				CLANG_WARN_UNREACHABLE_CODE = YES;
				CLANG_WARN__DUPLICATE_METHOD_MATCH = YES;
				COPY_PHASE_STRIP = NO;
				DEBUG_INFORMATION_FORMAT = dwarf;
				ENABLE_STRICT_OBJC_MSGSEND = YES;
				ENABLE_TESTABILITY = YES;
				ENABLE_USER_SCRIPT_SANDBOXING = YES;
				GCC_C_LANGUAGE_STANDARD = gnu17;
				GCC_DYNAMIC_NO_PIC = NO;
				GCC_NO_COMMON_BLOCKS = YES;
				GCC_OPTIMIZATION_LEVEL = 0;
				GCC_PREPROCESSOR_DEFINITIONS = (
					"DEBUG=1",
					"$(inherited)",
				);
				GCC_WARN_64_TO_32_BIT_CONVERSION = YES;
				GCC_WARN_ABOUT_RETURN_TYPE = YES_ERROR;
				GCC_WARN_UNDECLARED_SELECTOR = YES;
				GCC_WARN_UNINITIALIZED_AUTOS = YES_AGGRESSIVE;
				GCC_WARN_UNUSED_FUNCTION = YES;
				GCC_WARN_UNUSED_VARIABLE = YES;
				IPHONEOS_DEPLOYMENT_TARGET = 17.5;
				LOCALIZATION_PREFERS_STRING_CATALOGS = YES;
				MTL_ENABLE_DEBUG_INFO = INCLUDE_SOURCE;
				MTL_FAST_MATH = YES;
				ONLY_ACTIVE_ARCH = YES;
				SDKROOT = iphoneos;
				SWIFT_ACTIVE_COMPILATION_CONDITIONS = "DEBUG $(inherited)";
				SWIFT_OPTIMIZATION_LEVEL = "-Onone";
			};
			name = Debug;
		};
		D43AE31C2CCE3BE800FE2A31 /* Release */ = {
			isa = XCBuildConfiguration;
			buildSettings = {
				ALWAYS_SEARCH_USER_PATHS = NO;
				ASSETCATALOG_COMPILER_GENERATE_SWIFT_ASSET_SYMBOL_EXTENSIONS = YES;
				CLANG_ANALYZER_NONNULL = YES;
				CLANG_ANALYZER_NUMBER_OBJECT_CONVERSION = YES_AGGRESSIVE;
				CLANG_CXX_LANGUAGE_STANDARD = "gnu++20";
				CLANG_ENABLE_MODULES = YES;
				CLANG_ENABLE_OBJC_ARC = YES;
				CLANG_ENABLE_OBJC_WEAK = YES;
				CLANG_WARN_BLOCK_CAPTURE_AUTORELEASING = YES;
				CLANG_WARN_BOOL_CONVERSION = YES;
				CLANG_WARN_COMMA = YES;
				CLANG_WARN_CONSTANT_CONVERSION = YES;
				CLANG_WARN_DEPRECATED_OBJC_IMPLEMENTATIONS = YES;
				CLANG_WARN_DIRECT_OBJC_ISA_USAGE = YES_ERROR;
				CLANG_WARN_DOCUMENTATION_COMMENTS = YES;
				CLANG_WARN_EMPTY_BODY = YES;
				CLANG_WARN_ENUM_CONVERSION = YES;
				CLANG_WARN_INFINITE_RECURSION = YES;
				CLANG_WARN_INT_CONVERSION = YES;
				CLANG_WARN_NON_LITERAL_NULL_CONVERSION = YES;
				CLANG_WARN_OBJC_IMPLICIT_RETAIN_SELF = YES;
				CLANG_WARN_OBJC_LITERAL_CONVERSION = YES;
				CLANG_WARN_OBJC_ROOT_CLASS = YES_ERROR;
				CLANG_WARN_QUOTED_INCLUDE_IN_FRAMEWORK_HEADER = YES;
				CLANG_WARN_RANGE_LOOP_ANALYSIS = YES;
				CLANG_WARN_STRICT_PROTOTYPES = YES;
				CLANG_WARN_SUSPICIOUS_MOVE = YES;
				CLANG_WARN_UNGUARDED_AVAILABILITY = YES_AGGRESSIVE;
				CLANG_WARN_UNREACHABLE_CODE = YES;
				CLANG_WARN__DUPLICATE_METHOD_MATCH = YES;
				COPY_PHASE_STRIP = NO;
				DEBUG_INFORMATION_FORMAT = "dwarf-with-dsym";
				ENABLE_NS_ASSERTIONS = NO;
				ENABLE_STRICT_OBJC_MSGSEND = YES;
				ENABLE_USER_SCRIPT_SANDBOXING = YES;
				GCC_C_LANGUAGE_STANDARD = gnu17;
				GCC_NO_COMMON_BLOCKS = YES;
				GCC_WARN_64_TO_32_BIT_CONVERSION = YES;
				GCC_WARN_ABOUT_RETURN_TYPE = YES_ERROR;
				GCC_WARN_UNDECLARED_SELECTOR = YES;
				GCC_WARN_UNINITIALIZED_AUTOS = YES_AGGRESSIVE;
				GCC_WARN_UNUSED_FUNCTION = YES;
				GCC_WARN_UNUSED_VARIABLE = YES;
				IPHONEOS_DEPLOYMENT_TARGET = 17.5;
				LOCALIZATION_PREFERS_STRING_CATALOGS = YES;
				MTL_ENABLE_DEBUG_INFO = NO;
				MTL_FAST_MATH = YES;
				SDKROOT = iphoneos;
				SWIFT_COMPILATION_MODE = wholemodule;
				VALIDATE_PRODUCT = YES;
			};
			name = Release;
		};
		D43AE31E2CCE3BE800FE2A31 /* Debug */ = {
			isa = XCBuildConfiguration;
			buildSettings = {
				ASSETCATALOG_COMPILER_APPICON_NAME = AppIcon;
				ASSETCATALOG_COMPILER_GLOBAL_ACCENT_COLOR_NAME = AccentColor;
				CODE_SIGN_STYLE = Automatic;
				CURRENT_PROJECT_VERSION = 1;
				DEVELOPMENT_ASSET_PATHS = "\"Calex/Preview Content\"";
				DEVELOPMENT_TEAM = RBB69RDZZ8;
				ENABLE_PREVIEWS = YES;
				GENERATE_INFOPLIST_FILE = YES;
				INFOPLIST_KEY_UIApplicationSceneManifest_Generation = YES;
				INFOPLIST_KEY_UIApplicationSupportsIndirectInputEvents = YES;
				INFOPLIST_KEY_UILaunchScreen_Generation = YES;
				INFOPLIST_KEY_UISupportedInterfaceOrientations_iPad = "UIInterfaceOrientationPortrait UIInterfaceOrientationPortraitUpsideDown UIInterfaceOrientationLandscapeLeft UIInterfaceOrientationLandscapeRight";
				INFOPLIST_KEY_UISupportedInterfaceOrientations_iPhone = "UIInterfaceOrientationPortrait UIInterfaceOrientationLandscapeLeft UIInterfaceOrientationLandscapeRight";
				LD_RUNPATH_SEARCH_PATHS = (
					"$(inherited)",
					"@executable_path/Frameworks",
				);
				MARKETING_VERSION = 1.0;
				PRODUCT_BUNDLE_IDENTIFIER = com.hamlet.expenses.count.Ecalp;
				PRODUCT_NAME = "$(TARGET_NAME)";
				SWIFT_EMIT_LOC_STRINGS = YES;
				SWIFT_VERSION = 5.0;
				TARGETED_DEVICE_FAMILY = "1,2";
			};
			name = Debug;
		};
		D43AE31F2CCE3BE800FE2A31 /* Release */ = {
			isa = XCBuildConfiguration;
			buildSettings = {
				ASSETCATALOG_COMPILER_APPICON_NAME = AppIcon;
				ASSETCATALOG_COMPILER_GLOBAL_ACCENT_COLOR_NAME = AccentColor;
				CODE_SIGN_STYLE = Automatic;
				CURRENT_PROJECT_VERSION = 1;
				DEVELOPMENT_ASSET_PATHS = "\"Calex/Preview Content\"";
				DEVELOPMENT_TEAM = RBB69RDZZ8;
				ENABLE_PREVIEWS = YES;
				GENERATE_INFOPLIST_FILE = YES;
				INFOPLIST_KEY_UIApplicationSceneManifest_Generation = YES;
				INFOPLIST_KEY_UIApplicationSupportsIndirectInputEvents = YES;
				INFOPLIST_KEY_UILaunchScreen_Generation = YES;
				INFOPLIST_KEY_UISupportedInterfaceOrientations_iPad = "UIInterfaceOrientationPortrait UIInterfaceOrientationPortraitUpsideDown UIInterfaceOrientationLandscapeLeft UIInterfaceOrientationLandscapeRight";
				INFOPLIST_KEY_UISupportedInterfaceOrientations_iPhone = "UIInterfaceOrientationPortrait UIInterfaceOrientationLandscapeLeft UIInterfaceOrientationLandscapeRight";
				LD_RUNPATH_SEARCH_PATHS = (
					"$(inherited)",
					"@executable_path/Frameworks",
				);
				MARKETING_VERSION = 1.0;
				PRODUCT_BUNDLE_IDENTIFIER = com.hamlet.expenses.count.Ecalp;
				PRODUCT_NAME = "$(TARGET_NAME)";
				SWIFT_EMIT_LOC_STRINGS = YES;
				SWIFT_VERSION = 5.0;
				TARGETED_DEVICE_FAMILY = "1,2";
			};
			name = Release;
		};
/* End XCBuildConfiguration section */

/* Begin XCConfigurationList section */
		D43AE3082CCE3BE500FE2A31 /* Build configuration list for PBXProject "Calex" */ = {
			isa = XCConfigurationList;
			buildConfigurations = (
				D43AE31B2CCE3BE800FE2A31 /* Debug */,
				D43AE31C2CCE3BE800FE2A31 /* Release */,
			);
			defaultConfigurationIsVisible = 0;
			defaultConfigurationName = Release;
		};
		D43AE31D2CCE3BE800FE2A31 /* Build configuration list for PBXNativeTarget "Calex" */ = {
			isa = XCConfigurationList;
			buildConfigurations = (
				D43AE31E2CCE3BE800FE2A31 /* Debug */,
				D43AE31F2CCE3BE800FE2A31 /* Release */,
			);
			defaultConfigurationIsVisible = 0;
			defaultConfigurationName = Release;
		};
/* End XCConfigurationList section */
	};
	rootObject = D43AE3052CCE3BE500FE2A31 /* Project object */;
}
